
Microsoft Visual Studio Solution File, Format Version 12.00
# Visual Studio Version 17
VisualStudioVersion = 17.7.34031.279
MinimumVisualStudioVersion = 10.0.40219.1
Project("{9A19103F-16F7-4668-BE54-9A1E7A4F7556}") = "shutdown-timer", "shutdown-timer.csproj", "{ED9BCA47-5C89-4C5C-8A0D-5023CAF0C53E}"
EndProject
Global
	GlobalSection(SolutionConfigurationPlatforms) = preSolution
		Debug|x64 = Debug|x64
		Debug|x86 = Debug|x86
		Release|x64 = Release|x64
		Release|x86 = Release|x86
	EndGlobalSection
	GlobalSection(ProjectConfigurationPlatforms) = postSolution
		{ED9BCA47-5C89-4C5C-8A0D-5023CAF0C53E}.Debug|x64.ActiveCfg = Release|x64
		{ED9BCA47-5C89-4C5C-8A0D-5023CAF0C53E}.Debug|x64.Build.0 = Release|x64
		{ED9BCA47-5C89-4C5C-8A0D-5023CAF0C53E}.Debug|x64.Deploy.0 = Release|x64
		{ED9BCA47-5C89-4C5C-8A0D-5023CAF0C53E}.Debug|x86.ActiveCfg = Debug|x86
		{ED9BCA47-5C89-4C5C-8A0D-5023CAF0C53E}.Debug|x86.Build.0 = Debug|x86
		{ED9BCA47-5C89-4C5C-8A0D-5023CAF0C53E}.Debug|x86.Deploy.0 = Debug|x86
		{ED9BCA47-5C89-4C5C-8A0D-5023CAF0C53E}.Release|x64.ActiveCfg = Release|x64
		{ED9BCA47-5C89-4C5C-8A0D-5023CAF0C53E}.Release|x64.Build.0 = Release|x64
		{ED9BCA47-5C89-4C5C-8A0D-5023CAF0C53E}.Release|x64.Deploy.0 = Release|x64
		{ED9BCA47-5C89-4C5C-8A0D-5023CAF0C53E}.Release|x86.ActiveCfg = Release|x86
		{ED9BCA47-5C89-4C5C-8A0D-5023CAF0C53E}.Release|x86.Build.0 = Release|x86
		{ED9BCA47-5C89-4C5C-8A0D-5023CAF0C53E}.Release|x86.Deploy.0 = Release|x86
	EndGlobalSection
	GlobalSection(SolutionProperties) = preSolution
		HideSolutionNode = FALSE
	EndGlobalSection
	GlobalSection(ExtensibilityGlobals) = postSolution
		SolutionGuid = {20C77A8F-587B-4D03-8CCA-7C837C4EC28D}
	EndGlobalSection
EndGlobal
